
Microsoft Visual Studio Solution File, Format Version 12.00
# Visual Studio Version 16
VisualStudioVersion = 16.0.31702.278
MinimumVisualStudioVersion = 10.0.40219.1
Project("{FAE04EC0-301F-11D3-BF4B-00C04F79EFBC}") = "String_Methods_With_Extension_Methods", "String_Methods_With_Extension_Methods\String_Methods_With_Extension_Methods.csproj", "{9315A57D-A7F6-44AB-AFB6-3386557DCC66}"
EndProject
Global
	GlobalSection(SolutionConfigurationPlatforms) = preSolution
		Debug|Any CPU = Debug|Any CPU
		Release|Any CPU = Release|Any CPU
	EndGlobalSection
	GlobalSection(ProjectConfigurationPlatforms) = postSolution
		{9315A57D-A7F6-44AB-AFB6-3386557DCC66}.Debug|Any CPU.ActiveCfg = Debug|Any CPU
		{9315A57D-A7F6-44AB-AFB6-3386557DCC66}.Debug|Any CPU.Build.0 = Debug|Any CPU
		{9315A57D-A7F6-44AB-AFB6-3386557DCC66}.Release|Any CPU.ActiveCfg = Release|Any CPU
		{9315A57D-A7F6-44AB-AFB6-3386557DCC66}.Release|Any CPU.Build.0 = Release|Any CPU
	EndGlobalSection
	GlobalSection(SolutionProperties) = preSolution
		HideSolutionNode = FALSE
	EndGlobalSection
	GlobalSection(ExtensibilityGlobals) = postSolution
		SolutionGuid = {E282FC27-F4CE-41D1-B212-5A29BC5E6A17}
	EndGlobalSection
EndGlobal
